
Microsoft Visual Studio Solution File, Format Version 12.00
Project("{FAE04EC0-301F-11D3-BF4B-00C04F79EFBC}") = "TicTacToeKata.Tests", "TicTacToeKata.Tests\TicTacToeKata.Tests.csproj", "{94DA95A4-C3A9-4020-B976-850455D13FF4}"
EndProject
Project("{FAE04EC0-301F-11D3-BF4B-00C04F79EFBC}") = "TicTacToeKata.Logic", "TicTacToeKata.Logic\TicTacToeKata.Logic.csproj", "{ED3EFBD6-CE2B-44CA-BD54-BA7D162A6412}"
EndProject
Global
	GlobalSection(SolutionConfigurationPlatforms) = preSolution
		Debug|Any CPU = Debug|Any CPU
		Release|Any CPU = Release|Any CPU
	EndGlobalSection
	GlobalSection(ProjectConfigurationPlatforms) = postSolution
		{94DA95A4-C3A9-4020-B976-850455D13FF4}.Debug|Any CPU.ActiveCfg = Debug|Any CPU
		{94DA95A4-C3A9-4020-B976-850455D13FF4}.Debug|Any CPU.Build.0 = Debug|Any CPU
		{94DA95A4-C3A9-4020-B976-850455D13FF4}.Release|Any CPU.ActiveCfg = Release|Any CPU
		{94DA95A4-C3A9-4020-B976-850455D13FF4}.Release|Any CPU.Build.0 = Release|Any CPU
		{ED3EFBD6-CE2B-44CA-BD54-BA7D162A6412}.Debug|Any CPU.ActiveCfg = Debug|Any CPU
		{ED3EFBD6-CE2B-44CA-BD54-BA7D162A6412}.Debug|Any CPU.Build.0 = Debug|Any CPU
		{ED3EFBD6-CE2B-44CA-BD54-BA7D162A6412}.Release|Any CPU.ActiveCfg = Release|Any CPU
		{ED3EFBD6-CE2B-44CA-BD54-BA7D162A6412}.Release|Any CPU.Build.0 = Release|Any CPU
	EndGlobalSection
EndGlobal
